
Microsoft Visual Studio Solution File, Format Version 12.00
# Visual Studio 15
VisualStudioVersion = 15.0.28307.572
MinimumVisualStudioVersion = 10.0.40219.1
Project("{FAE04EC0-301F-11D3-BF4B-00C04F79EFBC}") = "Test", "Test\Test.csproj", "{42FDD9F7-1143-4212-BA67-6C2ECAA943BD}"
EndProject
Global
	GlobalSection(SolutionConfigurationPlatforms) = preSolution
		Debug|Any CPU = Debug|Any CPU
		Release|Any CPU = Release|Any CPU
	EndGlobalSection
	GlobalSection(ProjectConfigurationPlatforms) = postSolution
		{42FDD9F7-1143-4212-BA67-6C2ECAA943BD}.Debug|Any CPU.ActiveCfg = Debug|Any CPU
		{42FDD9F7-1143-4212-BA67-6C2ECAA943BD}.Debug|Any CPU.Build.0 = Debug|Any CPU
		{42FDD9F7-1143-4212-BA67-6C2ECAA943BD}.Release|Any CPU.ActiveCfg = Release|Any CPU
		{42FDD9F7-1143-4212-BA67-6C2ECAA943BD}.Release|Any CPU.Build.0 = Release|Any CPU
	EndGlobalSection
	GlobalSection(SolutionProperties) = preSolution
		HideSolutionNode = FALSE
	EndGlobalSection
	GlobalSection(ExtensibilityGlobals) = postSolution
		SolutionGuid = {B0626F8A-E565-460D-8561-AD0AEAA1C75A}
	EndGlobalSection
EndGlobal
